
Microsoft Visual Studio Solution File, Format Version 12.00
# Visual Studio Version 17
VisualStudioVersion = 17.5.002.0
MinimumVisualStudioVersion = 10.0.40219.1
Project("{9A19103F-16F7-4668-BE54-9A1E7A4F7556}") = "juan carlos", "juan carlos.csproj", "{BC278A40-0462-41BA-B1B4-627426145C11}"
EndProject
Global
	GlobalSection(SolutionConfigurationPlatforms) = preSolution
		Debug|Any CPU = Debug|Any CPU
		Release|Any CPU = Release|Any CPU
	EndGlobalSection
	GlobalSection(ProjectConfigurationPlatforms) = postSolution
		{BC278A40-0462-41BA-B1B4-627426145C11}.Debug|Any CPU.ActiveCfg = Debug|Any CPU
		{BC278A40-0462-41BA-B1B4-627426145C11}.Debug|Any CPU.Build.0 = Debug|Any CPU
		{BC278A40-0462-41BA-B1B4-627426145C11}.Release|Any CPU.ActiveCfg = Release|Any CPU
		{BC278A40-0462-41BA-B1B4-627426145C11}.Release|Any CPU.Build.0 = Release|Any CPU
	EndGlobalSection
	GlobalSection(SolutionProperties) = preSolution
		HideSolutionNode = FALSE
	EndGlobalSection
	GlobalSection(ExtensibilityGlobals) = postSolution
		SolutionGuid = {26DBA8F2-09FA-4C0D-A72E-750B23D866F1}
	EndGlobalSection
EndGlobal
